
Microsoft Visual Studio Solution File, Format Version 12.00
# Visual Studio Version 17
VisualStudioVersion = 17.2.32526.322
MinimumVisualStudioVersion = 10.0.40219.1
Project("{FAE04EC0-301F-11D3-BF4B-00C04F79EFBC}") = "Delegate", "Delegate\Delegate.csproj", "{1C5F970C-0DB3-4DA8-9998-D81A056DDCCC}"
EndProject
Global
	GlobalSection(SolutionConfigurationPlatforms) = preSolution
		Debug|Any CPU = Debug|Any CPU
		Release|Any CPU = Release|Any CPU
	EndGlobalSection
	GlobalSection(ProjectConfigurationPlatforms) = postSolution
		{1C5F970C-0DB3-4DA8-9998-D81A056DDCCC}.Debug|Any CPU.ActiveCfg = Debug|Any CPU
		{1C5F970C-0DB3-4DA8-9998-D81A056DDCCC}.Debug|Any CPU.Build.0 = Debug|Any CPU
		{1C5F970C-0DB3-4DA8-9998-D81A056DDCCC}.Release|Any CPU.ActiveCfg = Release|Any CPU
		{1C5F970C-0DB3-4DA8-9998-D81A056DDCCC}.Release|Any CPU.Build.0 = Release|Any CPU
	EndGlobalSection
	GlobalSection(SolutionProperties) = preSolution
		HideSolutionNode = FALSE
	EndGlobalSection
	GlobalSection(ExtensibilityGlobals) = postSolution
		SolutionGuid = {B11CFD9F-C7B2-4F45-AA48-16E4BACA2E37}
	EndGlobalSection
EndGlobal
